{
  "name": "node_test",
  "version": "1.0.0",
  "lockfileVersion": 3,
  "requires": true,
  "packages": {
    "": {
      "name": "node_test",
      "version": "1.0.0",
      "license": "ISC",
      "dependencies": {
        "pako": "^2.1.0",
        "pz-hiring": "0.3.0"
      }
    },
    "../ni_hiring_node": {
      "name": "pz-web",
      "version": "0.1.0",
      "extraneous": true
    },
    "node_modules/pako": {
      "version": "2.1.0",
      "resolved": "https://registry.npmjs.org/pako/-/pako-2.1.0.tgz",
      "integrity": "sha512-w+eufiZ1WuJYgPXbV/PO3NCMEc3xqylkKHzp8bxp1uW4qaSNQUkwmLLEc3kKsfz8lpV1F8Ht3U1Cm+9Srog2ug=="
    },
    "node_modules/pz-hiring": {
      "version": "0.3.0",
      "resolved": "https://registry.npmjs.org/pz-hiring/-/pz-hiring-0.3.0.tgz",
      "integrity": "sha512-fx12hILFyAl8pv0ORyCzs7Sq4XszTkv1hliaf+00lIyP0nYe5Q336yAxl5eTtWXv1XqoueZ0D5YdyApTAY3jIQ=="
    }
  }
}
